// !$*UTF8*$!
{
	archiveVersion = 1;
	classes = {
	};
	objectVersion = 48;
	objects = {

/* Begin PBXBuildFile section */
		7A9B2544202984A000CC7DE5 /* AppDelegate.swift in Sources */ = {isa = PBXBuildFile; fileRef = 7A9B2543202984A000CC7DE5 /* AppDelegate.swift */; };
		7A9B2546202984A100CC7DE5 /* ViewController.swift in Sources */ = {isa = PBXBuildFile; fileRef = 7A9B2545202984A100CC7DE5 /* ViewController.swift */; };
		7A9B2549202984A100CC7DE5 /* Main.storyboard in Resources */ = {isa = PBXBuildFile; fileRef = 7A9B2547202984A100CC7DE5 /* Main.storyboard */; };
		7A9B254B202984A100CC7DE5 /* Assets.xcassets in Resources */ = {isa = PBXBuildFile; fileRef = 7A9B254A202984A100CC7DE5 /* Assets.xcassets */; };
		7A9B254E202984A100CC7DE5 /* LaunchScreen.storyboard in Resources */ = {isa = PBXBuildFile; fileRef = 7A9B254C202984A100CC7DE5 /* LaunchScreen.storyboard */; };
		7A9B2557202984F600CC7DE5 /* DetectionViewController.swift in Sources */ = {isa = PBXBuildFile; fileRef = 7A9B2556202984F600CC7DE5 /* DetectionViewController.swift */; };
		7A9B255A2029852800CC7DE5 /* DetectionData.swift in Sources */ = {isa = PBXBuildFile; fileRef = 7A9B25582029852700CC7DE5 /* DetectionData.swift */; };
		7A9B255B2029852800CC7DE5 /* DetectionVisionTool.swift in Sources */ = {isa = PBXBuildFile; fileRef = 7A9B25592029852800CC7DE5 /* DetectionVisionTool.swift */; };
/* End PBXBuildFile section */

/* Begin PBXFileReference section */
		7A9B2540202984A000CC7DE5 /* DetectionVision.app */ = {isa = PBXFileReference; explicitFileType = wrapper.application; includeInIndex = 0; path = DetectionVision.app; sourceTree = BUILT_PRODUCTS_DIR; };
		7A9B2543202984A000CC7DE5 /* AppDelegate.swift */ = {isa = PBXFileReference; lastKnownFileType = sourcecode.swift; path = AppDelegate.swift; sourceTree = "<group>"; };
		7A9B2545202984A100CC7DE5 /* ViewController.swift */ = {isa = PBXFileReference; lastKnownFileType = sourcecode.swift; path = ViewController.swift; sourceTree = "<group>"; };
		7A9B2548202984A100CC7DE5 /* Base */ = {isa = PBXFileReference; lastKnownFileType = file.storyboard; name = Base; path = Base.lproj/Main.storyboard; sourceTree = "<group>"; };
		7A9B254A202984A100CC7DE5 /* Assets.xcassets */ = {isa = PBXFileReference; lastKnownFileType = folder.assetcatalog; path = Assets.xcassets; sourceTree = "<group>"; };
		7A9B254D202984A100CC7DE5 /* Base */ = {isa = PBXFileReference; lastKnownFileType = file.storyboard; name = Base; path = Base.lproj/LaunchScreen.storyboard; sourceTree = "<group>"; };
		7A9B254F202984A100CC7DE5 /* Info.plist */ = {isa = PBXFileReference; lastKnownFileType = text.plist.xml; path = Info.plist; sourceTree = "<group>"; };
		7A9B2556202984F600CC7DE5 /* DetectionViewController.swift */ = {isa = PBXFileReference; lastKnownFileType = sourcecode.swift; path = DetectionViewController.swift; sourceTree = "<group>"; };
		7A9B25582029852700CC7DE5 /* DetectionData.swift */ = {isa = PBXFileReference; fileEncoding = 4; lastKnownFileType = sourcecode.swift; path = DetectionData.swift; sourceTree = "<group>"; };
		7A9B25592029852800CC7DE5 /* DetectionVisionTool.swift */ = {isa = PBXFileReference; fileEncoding = 4; lastKnownFileType = sourcecode.swift; path = DetectionVisionTool.swift; sourceTree = "<group>"; };
/* End PBXFileReference section */

/* Begin PBXFrameworksBuildPhase section */
		7A9B253D202984A000CC7DE5 /* Frameworks */ = {
			isa = PBXFrameworksBuildPhase;
			buildActionMask = 2147483647;
			files = (
			);
			runOnlyForDeploymentPostprocessing = 0;
		};
/* End PBXFrameworksBuildPhase section */

/* Begin PBXGroup section */
		7A9B2537202984A000CC7DE5 = {
			isa = PBXGroup;
			children = (
				7A9B2542202984A000CC7DE5 /* DetectionVision */,
				7A9B2541202984A000CC7DE5 /* Products */,
			);
			sourceTree = "<group>";
		};
		7A9B2541202984A000CC7DE5 /* Products */ = {
			isa = PBXGroup;
			children = (
				7A9B2540202984A000CC7DE5 /* DetectionVision.app */,
			);
			name = Products;
			sourceTree = "<group>";
		};
		7A9B2542202984A000CC7DE5 /* DetectionVision */ = {
			isa = PBXGroup;
			children = (
				7A9B2555202984A500CC7DE5 /* Tools */,
				7A9B2543202984A000CC7DE5 /* AppDelegate.swift */,
				7A9B2545202984A100CC7DE5 /* ViewController.swift */,
				7A9B2556202984F600CC7DE5 /* DetectionViewController.swift */,
				7A9B2547202984A100CC7DE5 /* Main.storyboard */,
				7A9B254A202984A100CC7DE5 /* Assets.xcassets */,
				7A9B254C202984A100CC7DE5 /* LaunchScreen.storyboard */,
				7A9B254F202984A100CC7DE5 /* Info.plist */,
			);
			path = DetectionVision;
			sourceTree = "<group>";
		};
		7A9B2555202984A500CC7DE5 /* Tools */ = {
			isa = PBXGroup;
			children = (
				7A9B25582029852700CC7DE5 /* DetectionData.swift */,
				7A9B25592029852800CC7DE5 /* DetectionVisionTool.swift */,
			);
			path = Tools;
			sourceTree = "<group>";
		};
/* End PBXGroup section */

/* Begin PBXNativeTarget section */
		7A9B253F202984A000CC7DE5 /* DetectionVision */ = {
			isa = PBXNativeTarget;
			buildConfigurationList = 7A9B2552202984A100CC7DE5 /* Build configuration list for PBXNativeTarget "DetectionVision" */;
			buildPhases = (
				7A9B253C202984A000CC7DE5 /* Sources */,
				7A9B253D202984A000CC7DE5 /* Frameworks */,
				7A9B253E202984A000CC7DE5 /* Resources */,
			);
			buildRules = (
			);
			dependencies = (
			);
			name = DetectionVision;
			productName = DetectionVision;
			productReference = 7A9B2540202984A000CC7DE5 /* DetectionVision.app */;
			productType = "com.apple.product-type.application";
		};
/* End PBXNativeTarget section */

/* Begin PBXProject section */
		7A9B2538202984A000CC7DE5 /* Project object */ = {
			isa = PBXProject;
			attributes = {
				LastSwiftUpdateCheck = 0920;
				LastUpgradeCheck = 0920;
				ORGANIZATIONNAME = cdts;
				TargetAttributes = {
					7A9B253F202984A000CC7DE5 = {
						CreatedOnToolsVersion = 9.2;
						ProvisioningStyle = Automatic;
					};
				};
			};
			buildConfigurationList = 7A9B253B202984A000CC7DE5 /* Build configuration list for PBXProject "DetectionVision" */;
			compatibilityVersion = "Xcode 8.0";
			developmentRegion = en;
			hasScannedForEncodings = 0;
			knownRegions = (
				en,
				Base,
			);
			mainGroup = 7A9B2537202984A000CC7DE5;
			productRefGroup = 7A9B2541202984A000CC7DE5 /* Products */;
			projectDirPath = "";
			projectRoot = "";
			targets = (
				7A9B253F202984A000CC7DE5 /* DetectionVision */,
			);
		};
/* End PBXProject section */

/* Begin PBXResourcesBuildPhase section */
		7A9B253E202984A000CC7DE5 /* Resources */ = {
			isa = PBXResourcesBuildPhase;
			buildActionMask = 2147483647;
			files = (
				7A9B254E202984A100CC7DE5 /* LaunchScreen.storyboard in Resources */,
				7A9B254B202984A100CC7DE5 /* Assets.xcassets in Resources */,
				7A9B2549202984A100CC7DE5 /* Main.storyboard in Resources */,
			);
			runOnlyForDeploymentPostprocessing = 0;
		};
/* End PBXResourcesBuildPhase section */

/* Begin PBXSourcesBuildPhase section */
		7A9B253C202984A000CC7DE5 /* Sources */ = {
			isa = PBXSourcesBuildPhase;
			buildActionMask = 2147483647;
			files = (
				7A9B255B2029852800CC7DE5 /* DetectionVisionTool.swift in Sources */,
				7A9B2546202984A100CC7DE5 /* ViewController.swift in Sources */,
				7A9B2544202984A000CC7DE5 /* AppDelegate.swift in Sources */,
				7A9B2557202984F600CC7DE5 /* DetectionViewController.swift in Sources */,
				7A9B255A2029852800CC7DE5 /* DetectionData.swift in Sources */,
			);
			runOnlyForDeploymentPostprocessing = 0;
		};
/* End PBXSourcesBuildPhase section */

/* Begin PBXVariantGroup section */
		7A9B2547202984A100CC7DE5 /* Main.storyboard */ = {
			isa = PBXVariantGroup;
			children = (
				7A9B2548202984A100CC7DE5 /* Base */,
			);
			name = Main.storyboard;
			sourceTree = "<group>";
		};
		7A9B254C202984A100CC7DE5 /* LaunchScreen.storyboard */ = {
			isa = PBXVariantGroup;
			children = (
				7A9B254D202984A100CC7DE5 /* Base */,
			);
			name = LaunchScreen.storyboard;
			sourceTree = "<group>";
		};
/* End PBXVariantGroup section */

/* Begin XCBuildConfiguration section */
		7A9B2550202984A100CC7DE5 /* Debug */ = {
			isa = XCBuildConfiguration;
			buildSettings = {
				ALWAYS_SEARCH_USER_PATHS = NO;
				CLANG_ANALYZER_NONNULL = YES;
				CLANG_ANALYZER_NUMBER_OBJECT_CONVERSION = YES_AGGRESSIVE;
				CLANG_CXX_LANGUAGE_STANDARD = "gnu++14";
				CLANG_CXX_LIBRARY = "libc++";
				CLANG_ENABLE_MODULES = YES;
				CLANG_ENABLE_OBJC_ARC = YES;
				CLANG_WARN_BLOCK_CAPTURE_AUTORELEASING = YES;
				CLANG_WARN_BOOL_CONVERSION = YES;
				CLANG_WARN_COMMA = YES;
				CLANG_WARN_CONSTANT_CONVERSION = YES;
				CLANG_WARN_DIRECT_OBJC_ISA_USAGE = YES_ERROR;
				CLANG_WARN_DOCUMENTATION_COMMENTS = YES;
				CLANG_WARN_EMPTY_BODY = YES;
				CLANG_WARN_ENUM_CONVERSION = YES;
				CLANG_WARN_INFINITE_RECURSION = YES;
				CLANG_WARN_INT_CONVERSION = YES;
				CLANG_WARN_NON_LITERAL_NULL_CONVERSION = YES;
				CLANG_WARN_OBJC_LITERAL_CONVERSION = YES;
				CLANG_WARN_OBJC_ROOT_CLASS = YES_ERROR;
				CLANG_WARN_RANGE_LOOP_ANALYSIS = YES;
				CLANG_WARN_STRICT_PROTOTYPES = YES;
				CLANG_WARN_SUSPICIOUS_MOVE = YES;
				CLANG_WARN_UNGUARDED_AVAILABILITY = YES_AGGRESSIVE;
				CLANG_WARN_UNREACHABLE_CODE = YES;
				CLANG_WARN__DUPLICATE_METHOD_MATCH = YES;
				CODE_SIGN_IDENTITY = "iPhone Developer";
				COPY_PHASE_STRIP = NO;
				DEBUG_INFORMATION_FORMAT = dwarf;
				ENABLE_STRICT_OBJC_MSGSEND = YES;
				ENABLE_TESTABILITY = YES;
				GCC_C_LANGUAGE_STANDARD = gnu11;
				GCC_DYNAMIC_NO_PIC = NO;
				GCC_NO_COMMON_BLOCKS = YES;
				GCC_OPTIMIZATION_LEVEL = 0;
				GCC_PREPROCESSOR_DEFINITIONS = (
					"DEBUG=1",
					"$(inherited)",
				);
				GCC_WARN_64_TO_32_BIT_CONVERSION = YES;
				GCC_WARN_ABOUT_RETURN_TYPE = YES_ERROR;
				GCC_WARN_UNDECLARED_SELECTOR = YES;
				GCC_WARN_UNINITIALIZED_AUTOS = YES_AGGRESSIVE;
				GCC_WARN_UNUSED_FUNCTION = YES;
				GCC_WARN_UNUSED_VARIABLE = YES;
				IPHONEOS_DEPLOYMENT_TARGET = 11.2;
				MTL_ENABLE_DEBUG_INFO = YES;
				ONLY_ACTIVE_ARCH = YES;
				SDKROOT = iphoneos;
				SWIFT_ACTIVE_COMPILATION_CONDITIONS = DEBUG;
				SWIFT_OPTIMIZATION_LEVEL = "-Onone";
			};
			name = Debug;
		};
		7A9B2551202984A100CC7DE5 /* Release */ = {
			isa = XCBuildConfiguration;
			buildSettings = {
				ALWAYS_SEARCH_USER_PATHS = NO;
				CLANG_ANALYZER_NONNULL = YES;
				CLANG_ANALYZER_NUMBER_OBJECT_CONVERSION = YES_AGGRESSIVE;
				CLANG_CXX_LANGUAGE_STANDARD = "gnu++14";
				CLANG_CXX_LIBRARY = "libc++";
				CLANG_ENABLE_MODULES = YES;
				CLANG_ENABLE_OBJC_ARC = YES;
				CLANG_WARN_BLOCK_CAPTURE_AUTORELEASING = YES;
				CLANG_WARN_BOOL_CONVERSION = YES;
				CLANG_WARN_COMMA = YES;
				CLANG_WARN_CONSTANT_CONVERSION = YES;
				CLANG_WARN_DIRECT_OBJC_ISA_USAGE = YES_ERROR;
				CLANG_WARN_DOCUMENTATION_COMMENTS = YES;
				CLANG_WARN_EMPTY_BODY = YES;
				CLANG_WARN_ENUM_CONVERSION = YES;
				CLANG_WARN_INFINITE_RECURSION = YES;
				CLANG_WARN_INT_CONVERSION = YES;
				CLANG_WARN_NON_LITERAL_NULL_CONVERSION = YES;
				CLANG_WARN_OBJC_LITERAL_CONVERSION = YES;
				CLANG_WARN_OBJC_ROOT_CLASS = YES_ERROR;
				CLANG_WARN_RANGE_LOOP_ANALYSIS = YES;
				CLANG_WARN_STRICT_PROTOTYPES = YES;
				CLANG_WARN_SUSPICIOUS_MOVE = YES;
				CLANG_WARN_UNGUARDED_AVAILABILITY = YES_AGGRESSIVE;
				CLANG_WARN_UNREACHABLE_CODE = YES;
				CLANG_WARN__DUPLICATE_METHOD_MATCH = YES;
				CODE_SIGN_IDENTITY = "iPhone Developer";
				COPY_PHASE_STRIP = NO;
				DEBUG_INFORMATION_FORMAT = "dwarf-with-dsym";
				ENABLE_NS_ASSERTIONS = NO;
				ENABLE_STRICT_OBJC_MSGSEND = YES;
				GCC_C_LANGUAGE_STANDARD = gnu11;
				GCC_NO_COMMON_BLOCKS = YES;
				GCC_WARN_64_TO_32_BIT_CONVERSION = YES;
				GCC_WARN_ABOUT_RETURN_TYPE = YES_ERROR;
				GCC_WARN_UNDECLARED_SELECTOR = YES;
				GCC_WARN_UNINITIALIZED_AUTOS = YES_AGGRESSIVE;
				GCC_WARN_UNUSED_FUNCTION = YES;
				GCC_WARN_UNUSED_VARIABLE = YES;
				IPHONEOS_DEPLOYMENT_TARGET = 11.2;
				MTL_ENABLE_DEBUG_INFO = NO;
				SDKROOT = iphoneos;
				SWIFT_OPTIMIZATION_LEVEL = "-Owholemodule";
				VALIDATE_PRODUCT = YES;
			};
			name = Release;
		};
		7A9B2553202984A100CC7DE5 /* Debug */ = {
			isa = XCBuildConfiguration;
			buildSettings = {
				ASSETCATALOG_COMPILER_APPICON_NAME = AppIcon;
				CODE_SIGN_STYLE = Automatic;
				DEVELOPMENT_TEAM = TE2BYM67AU;
				INFOPLIST_FILE = DetectionVision/Info.plist;
				LD_RUNPATH_SEARCH_PATHS = "$(inherited) @executable_path/Frameworks";
				PRODUCT_BUNDLE_IDENTIFIER = com.cdts.DetectionVision;
				PRODUCT_NAME = "$(TARGET_NAME)";
				SWIFT_VERSION = 4.0;
				TARGETED_DEVICE_FAMILY = "1,2";
			};
			name = Debug;
		};
		7A9B2554202984A100CC7DE5 /* Release */ = {
			isa = XCBuildConfiguration;
			buildSettings = {
				ASSETCATALOG_COMPILER_APPICON_NAME = AppIcon;
				CODE_SIGN_STYLE = Automatic;
				DEVELOPMENT_TEAM = TE2BYM67AU;
				INFOPLIST_FILE = DetectionVision/Info.plist;
				LD_RUNPATH_SEARCH_PATHS = "$(inherited) @executable_path/Frameworks";
				PRODUCT_BUNDLE_IDENTIFIER = com.cdts.DetectionVision;
				PRODUCT_NAME = "$(TARGET_NAME)";
				SWIFT_VERSION = 4.0;
				TARGETED_DEVICE_FAMILY = "1,2";
			};
			name = Release;
		};
/* End XCBuildConfiguration section */

/* Begin XCConfigurationList section */
		7A9B253B202984A000CC7DE5 /* Build configuration list for PBXProject "DetectionVision" */ = {
			isa = XCConfigurationList;
			buildConfigurations = (
				7A9B2550202984A100CC7DE5 /* Debug */,
				7A9B2551202984A100CC7DE5 /* Release */,
			);
			defaultConfigurationIsVisible = 0;
			defaultConfigurationName = Release;
		};
		7A9B2552202984A100CC7DE5 /* Build configuration list for PBXNativeTarget "DetectionVision" */ = {
			isa = XCConfigurationList;
			buildConfigurations = (
				7A9B2553202984A100CC7DE5 /* Debug */,
				7A9B2554202984A100CC7DE5 /* Release */,
			);
			defaultConfigurationIsVisible = 0;
			defaultConfigurationName = Release;
		};
/* End XCConfigurationList section */
	};
	rootObject = 7A9B2538202984A000CC7DE5 /* Project object */;
}
